<?xml version="1.0" encoding="utf-8"?>
<Project ToolsVersion="4.0" xmlns="http://schemas.microsoft.com/developer/msbuild/2003">
  <ItemGroup>
    <Filter Include="test">
      <UniqueIdentifier>{4FC737F1-C7A5-4376-A066-2A32D752A2FF}</UniqueIdentifier>
      <Extensions>cpp;c;cc;cxx;def;odl;idl;hpj;bat;asm;asmx</Extensions>
    </Filter>
  </ItemGroup>
  <ItemGroup>
    <ClCompile Include="main.cpp">
      <Filter>test</Filter>
    </ClCompile>
    <ClCompile Include="common_types_unittest.cpp">
      <Filter>test</Filter>
    </ClCompile>
    <ClCompile Include="utils_unittest.cpp">
      <Filter>test</Filter>
    </ClCompile>
    <ClCompile Include="get_unittest.cpp">
      <Filter>test</Filter>
    </ClCompile>
    <ClCompile Include="header_unittest.cpp">
      <Filter>test</Filter>
    </ClCompile>
    <ClCompile Include="post_unittest.cpp">
      <Filter>test</Filter>
    </ClCompile>
    <ClCompile Include="head_unittest.cpp">
      <Filter>test</Filter>
    </ClCompile>
  </ItemGroup>
</Project>