<?xml version="1.0" encoding="utf-8"?>
<Project ToolsVersion="4.0" xmlns="http://schemas.microsoft.com/developer/msbuild/2003">
  <ItemGroup>
    <Filter Include="winant_http">
      <UniqueIdentifier>{4FC737F1-C7A5-4376-A066-2A32D752A2FF}</UniqueIdentifier>
      <Extensions>cpp;c;cc;cxx;def;odl;idl;hpj;bat;asm;asmx</Extensions>
    </Filter>
  </ItemGroup>
  <ItemGroup>
    <ClInclude Include="winant_http.h">
      <Filter>winant_http</Filter>
    </ClInclude>
    <ClInclude Include="winant_response.h">
      <Filter>winant_http</Filter>
    </ClInclude>
    <ClInclude Include="winant_api.h">
      <Filter>winant_http</Filter>
    </ClInclude>
    <ClInclude Include="winant_request.h">
      <Filter>winant_http</Filter>
    </ClInclude>
    <ClInclude Include="winant_request_builder.h">
      <Filter>winant_http</Filter>
    </ClInclude>
    <ClInclude Include="winant_common_types.h">
      <Filter>winant_http</Filter>
    </ClInclude>
    <ClInclude Include="winant_utils.h">
      <Filter>winant_http</Filter>
    </ClInclude>
  </ItemGroup>
  <ItemGroup>
    <ClCompile Include="winant_response.cpp">
      <Filter>winant_http</Filter>
    </ClCompile>
    <ClCompile Include="winant_request.cpp">
      <Filter>winant_http</Filter>
    </ClCompile>
    <ClCompile Include="winant_common_types.cpp">
      <Filter>winant_http</Filter>
    </ClCompile>
    <ClCompile Include="winant_request_builder.cpp">
      <Filter>winant_http</Filter>
    </ClCompile>
    <ClCompile Include="winant_utils.cpp">
      <Filter>winant_http</Filter>
    </ClCompile>
  </ItemGroup>
</Project>